
Microsoft Visual Studio Solution File, Format Version 12.00
# Visual Studio Version 17
VisualStudioVersion = 17.4.32916.344
MinimumVisualStudioVersion = 10.0.40219.1
Project("{8BC9CEB8-8B4A-11D0-8D11-00A0C91BC942}") = "NaturalDivisor", "NaturalDivisor.vcxproj", "{5D7334BE-48D5-455F-A6CA-7237D3129146}"
EndProject
Global
	GlobalSection(SolutionConfigurationPlatforms) = preSolution
		Debug|x64 = Debug|x64
		Debug|x86 = Debug|x86
		Release|x64 = Release|x64
		Release|x86 = Release|x86
	EndGlobalSection
	GlobalSection(ProjectConfigurationPlatforms) = postSolution
		{5D7334BE-48D5-455F-A6CA-7237D3129146}.Debug|x64.ActiveCfg = Debug|x64
		{5D7334BE-48D5-455F-A6CA-7237D3129146}.Debug|x64.Build.0 = Debug|x64
		{5D7334BE-48D5-455F-A6CA-7237D3129146}.Debug|x86.ActiveCfg = Debug|Win32
		{5D7334BE-48D5-455F-A6CA-7237D3129146}.Debug|x86.Build.0 = Debug|Win32
		{5D7334BE-48D5-455F-A6CA-7237D3129146}.Release|x64.ActiveCfg = Release|x64
		{5D7334BE-48D5-455F-A6CA-7237D3129146}.Release|x64.Build.0 = Release|x64
		{5D7334BE-48D5-455F-A6CA-7237D3129146}.Release|x86.ActiveCfg = Release|Win32
		{5D7334BE-48D5-455F-A6CA-7237D3129146}.Release|x86.Build.0 = Release|Win32
	EndGlobalSection
	GlobalSection(SolutionProperties) = preSolution
		HideSolutionNode = FALSE
	EndGlobalSection
	GlobalSection(ExtensibilityGlobals) = postSolution
		SolutionGuid = {150B8BEE-A30C-4EC1-AD98-0765EE9BB976}
	EndGlobalSection
EndGlobal
