
Microsoft Visual Studio Solution File, Format Version 12.00
# Visual Studio Version 17
VisualStudioVersion = 17.4.32916.344
MinimumVisualStudioVersion = 10.0.40219.1
Project("{8BC9CEB8-8B4A-11D0-8D11-00A0C91BC942}") = "HelloWorldProject", "HelloWorldProject.vcxproj", "{C2C678A7-CCC6-4B7C-8A6F-B0F6E24AC27E}"
EndProject
Global
	GlobalSection(SolutionConfigurationPlatforms) = preSolution
		Debug|x64 = Debug|x64
		Debug|x86 = Debug|x86
		Release|x64 = Release|x64
		Release|x86 = Release|x86
	EndGlobalSection
	GlobalSection(ProjectConfigurationPlatforms) = postSolution
		{C2C678A7-CCC6-4B7C-8A6F-B0F6E24AC27E}.Debug|x64.ActiveCfg = Debug|x64
		{C2C678A7-CCC6-4B7C-8A6F-B0F6E24AC27E}.Debug|x64.Build.0 = Debug|x64
		{C2C678A7-CCC6-4B7C-8A6F-B0F6E24AC27E}.Debug|x86.ActiveCfg = Debug|Win32
		{C2C678A7-CCC6-4B7C-8A6F-B0F6E24AC27E}.Debug|x86.Build.0 = Debug|Win32
		{C2C678A7-CCC6-4B7C-8A6F-B0F6E24AC27E}.Release|x64.ActiveCfg = Release|x64
		{C2C678A7-CCC6-4B7C-8A6F-B0F6E24AC27E}.Release|x64.Build.0 = Release|x64
		{C2C678A7-CCC6-4B7C-8A6F-B0F6E24AC27E}.Release|x86.ActiveCfg = Release|Win32
		{C2C678A7-CCC6-4B7C-8A6F-B0F6E24AC27E}.Release|x86.Build.0 = Release|Win32
	EndGlobalSection
	GlobalSection(SolutionProperties) = preSolution
		HideSolutionNode = FALSE
	EndGlobalSection
	GlobalSection(ExtensibilityGlobals) = postSolution
		SolutionGuid = {BC7760AD-0BC4-40E1-AE79-B3E2062421C3}
	EndGlobalSection
EndGlobal
